// !$*UTF8*$!
{
	archiveVersion = 1;
	classes = {
	};
	objectVersion = 45;
	objects = {

/* Begin PBXBuildFile section */
		12756C7611F729130045B9C1 /* Foundation.framework in Frameworks */ = {isa = PBXBuildFile; fileRef = 12756C7511F729130045B9C1 /* Foundation.framework */; };
		12756C8011F7299B0045B9C1 /* UIKit.framework in Frameworks */ = {isa = PBXBuildFile; fileRef = 12756C7F11F7299B0045B9C1 /* UIKit.framework */; };
		12756C8311F729AD0045B9C1 /* Foundation.framework in Frameworks */ = {isa = PBXBuildFile; fileRef = 12756C8211F729AD0045B9C1 /* Foundation.framework */; };
		12756C8511F729BE0045B9C1 /* SystemConfiguration.framework in Frameworks */ = {isa = PBXBuildFile; fileRef = 12756C8411F729BE0045B9C1 /* SystemConfiguration.framework */; };
		12756C8711F729CE0045B9C1 /* CFNetwork.framework in Frameworks */ = {isa = PBXBuildFile; fileRef = 12756C8611F729CE0045B9C1 /* CFNetwork.framework */; };
		49D32B4011B908470007813E /* LogicTests.m in Sources */ = {isa = PBXBuildFile; fileRef = 49D32B3F11B908470007813E /* LogicTests.m */; };
		793A4F171192D680000914EF /* NIFilesystemIO.h in Headers */ = {isa = PBXBuildFile; fileRef = 793A4F151192D680000914EF /* NIFilesystemIO.h */; settings = {ATTRIBUTES = (Public, ); }; };
		793A4F181192D680000914EF /* NIFilesystemIO.m in Sources */ = {isa = PBXBuildFile; fileRef = 793A4F161192D680000914EF /* NIFilesystemIO.m */; };
		793A4F251192D9B1000914EF /* NIFilesystem.h in Headers */ = {isa = PBXBuildFile; fileRef = 793A4F241192D9B1000914EF /* NIFilesystem.h */; settings = {ATTRIBUTES = (Public, ); }; };
		793A4F281192DA86000914EF /* NIFilesystemPaths.h in Headers */ = {isa = PBXBuildFile; fileRef = 793A4F261192DA86000914EF /* NIFilesystemPaths.h */; settings = {ATTRIBUTES = (Public, ); }; };
		793A4F291192DA86000914EF /* NIFilesystemPaths.m in Sources */ = {isa = PBXBuildFile; fileRef = 793A4F271192DA86000914EF /* NIFilesystemPaths.m */; };
		793A4F2E1192DB06000914EF /* NIConfiguration.h in Headers */ = {isa = PBXBuildFile; fileRef = 793A4F2D1192DB06000914EF /* NIConfiguration.h */; settings = {ATTRIBUTES = (Public, ); }; };
		793A513211944CD7000914EF /* NINetworkingConnection.h in Headers */ = {isa = PBXBuildFile; fileRef = 793A512E11944CD7000914EF /* NINetworkingConnection.h */; settings = {ATTRIBUTES = (Public, ); }; };
		793A513311944CD7000914EF /* NINetworkingConnection.m in Sources */ = {isa = PBXBuildFile; fileRef = 793A512F11944CD7000914EF /* NINetworkingConnection.m */; };
		793A513411944CD7000914EF /* NINetworkingReachability.h in Headers */ = {isa = PBXBuildFile; fileRef = 793A513011944CD7000914EF /* NINetworkingReachability.h */; settings = {ATTRIBUTES = (Public, ); }; };
		793A513511944CD7000914EF /* NINetworkingReachability.m in Sources */ = {isa = PBXBuildFile; fileRef = 793A513111944CD7000914EF /* NINetworkingReachability.m */; };
		793A5180119450BB000914EF /* NIUIAlertsConnectionController.h in Headers */ = {isa = PBXBuildFile; fileRef = 793A517E119450BB000914EF /* NIUIAlertsConnectionController.h */; settings = {ATTRIBUTES = (Public, ); }; };
		793A5181119450BB000914EF /* NIUIAlertsConnectionController.m in Sources */ = {isa = PBXBuildFile; fileRef = 793A517F119450BB000914EF /* NIUIAlertsConnectionController.m */; };
		79434F9311AC059E000FE549 /* NIBundle.h in Headers */ = {isa = PBXBuildFile; fileRef = 79434F9111AC059E000FE549 /* NIBundle.h */; settings = {ATTRIBUTES = (Public, ); }; };
		79434F9711AC05AF000FE549 /* NIBundleImages.h in Headers */ = {isa = PBXBuildFile; fileRef = 79434F9511AC05AF000FE549 /* NIBundleImages.h */; settings = {ATTRIBUTES = (Public, ); }; };
		79434F9811AC05AF000FE549 /* NIBundleImages.m in Sources */ = {isa = PBXBuildFile; fileRef = 79434F9611AC05AF000FE549 /* NIBundleImages.m */; };
		7961D2BD11AAB5F6008E1E50 /* NIDeviceOrientation.h in Headers */ = {isa = PBXBuildFile; fileRef = 7961D2BB11AAB5F6008E1E50 /* NIDeviceOrientation.h */; settings = {ATTRIBUTES = (Public, ); }; };
		7961D2BE11AAB5F6008E1E50 /* NIDeviceOrientation.m in Sources */ = {isa = PBXBuildFile; fileRef = 7961D2BC11AAB5F6008E1E50 /* NIDeviceOrientation.m */; };
		7961D35011AAE15B008E1E50 /* IGSettings.h in Headers */ = {isa = PBXBuildFile; fileRef = 7961D34B11AAE15B008E1E50 /* IGSettings.h */; settings = {ATTRIBUTES = (Public, ); }; };
		7961D35111AAE15B008E1E50 /* IGSettingsUser.h in Headers */ = {isa = PBXBuildFile; fileRef = 7961D34C11AAE15B008E1E50 /* IGSettingsUser.h */; settings = {ATTRIBUTES = (Public, ); }; };
		7961D35211AAE15B008E1E50 /* IGSettingsUser.m in Sources */ = {isa = PBXBuildFile; fileRef = 7961D34D11AAE15B008E1E50 /* IGSettingsUser.m */; };
		7961D35311AAE15B008E1E50 /* IGSettingsCustom.h in Headers */ = {isa = PBXBuildFile; fileRef = 7961D34E11AAE15B008E1E50 /* IGSettingsCustom.h */; settings = {ATTRIBUTES = (Public, ); }; };
		7961D35411AAE15B008E1E50 /* IGSettingsCustom.m in Sources */ = {isa = PBXBuildFile; fileRef = 7961D34F11AAE15B008E1E50 /* IGSettingsCustom.m */; };
		797885AC11CB961B006D64D9 /* NIPreloaderRotating.h in Headers */ = {isa = PBXBuildFile; fileRef = 797885AA11CB961B006D64D9 /* NIPreloaderRotating.h */; settings = {ATTRIBUTES = (Public, ); }; };
		797885AD11CB961B006D64D9 /* NIPreloaderRotating.m in Sources */ = {isa = PBXBuildFile; fileRef = 797885AB11CB961B006D64D9 /* NIPreloaderRotating.m */; };
		7982E17511997A5600C8E33D /* IGJson.h in Headers */ = {isa = PBXBuildFile; fileRef = 7982E16B11997A5600C8E33D /* IGJson.h */; settings = {ATTRIBUTES = (Public, ); }; };
		7982E17611997A5600C8E33D /* IGJson.m in Sources */ = {isa = PBXBuildFile; fileRef = 7982E16C11997A5600C8E33D /* IGJson.m */; };
		7982E17711997A5600C8E33D /* IGJsonBase.h in Headers */ = {isa = PBXBuildFile; fileRef = 7982E16D11997A5600C8E33D /* IGJsonBase.h */; settings = {ATTRIBUTES = (Public, ); }; };
		7982E17811997A5600C8E33D /* IGJsonBase.m in Sources */ = {isa = PBXBuildFile; fileRef = 7982E16E11997A5600C8E33D /* IGJsonBase.m */; };
		7982E17911997A5600C8E33D /* IGJsonParser.h in Headers */ = {isa = PBXBuildFile; fileRef = 7982E16F11997A5600C8E33D /* IGJsonParser.h */; settings = {ATTRIBUTES = (Public, ); }; };
		7982E17A11997A5600C8E33D /* IGJsonParser.m in Sources */ = {isa = PBXBuildFile; fileRef = 7982E17011997A5600C8E33D /* IGJsonParser.m */; };
		7982E17B11997A5600C8E33D /* IGJsonWriter.h in Headers */ = {isa = PBXBuildFile; fileRef = 7982E17111997A5600C8E33D /* IGJsonWriter.h */; settings = {ATTRIBUTES = (Public, ); }; };
		7982E17C11997A5600C8E33D /* IGJsonWriter.m in Sources */ = {isa = PBXBuildFile; fileRef = 7982E17211997A5600C8E33D /* IGJsonWriter.m */; };
		7982E17D11997A5600C8E33D /* IGJsonData.h in Headers */ = {isa = PBXBuildFile; fileRef = 7982E17311997A5600C8E33D /* IGJsonData.h */; settings = {ATTRIBUTES = (Public, ); }; };
		7982E17E11997A5600C8E33D /* IGJsonData.m in Sources */ = {isa = PBXBuildFile; fileRef = 7982E17411997A5600C8E33D /* IGJsonData.m */; };
		7982E19811997B4500C8E33D /* UIImage-Tools.h in Headers */ = {isa = PBXBuildFile; fileRef = 7982E18911997B4500C8E33D /* UIImage-Tools.h */; settings = {ATTRIBUTES = (Public, ); }; };
		7982E19911997B4500C8E33D /* UIImage-Tools.m in Sources */ = {isa = PBXBuildFile; fileRef = 7982E18A11997B4500C8E33D /* UIImage-Tools.m */; };
		7982E19A11997B4500C8E33D /* NSString+URL.h in Headers */ = {isa = PBXBuildFile; fileRef = 7982E18C11997B4500C8E33D /* NSString+URL.h */; settings = {ATTRIBUTES = (Public, ); }; };
		7982E19B11997B4500C8E33D /* NSString+URL.m in Sources */ = {isa = PBXBuildFile; fileRef = 7982E18D11997B4500C8E33D /* NSString+URL.m */; };
		7982E19C11997B4500C8E33D /* NSString+Ereg.h in Headers */ = {isa = PBXBuildFile; fileRef = 7982E18E11997B4500C8E33D /* NSString+Ereg.h */; settings = {ATTRIBUTES = (Public, ); }; };
		7982E19D11997B4500C8E33D /* NSString+Ereg.m in Sources */ = {isa = PBXBuildFile; fileRef = 7982E18F11997B4500C8E33D /* NSString+Ereg.m */; };
		7982E19E11997B4500C8E33D /* NSDate+NIMisc.h in Headers */ = {isa = PBXBuildFile; fileRef = 7982E19111997B4500C8E33D /* NSDate+NIMisc.h */; settings = {ATTRIBUTES = (Public, ); }; };
		7982E19F11997B4500C8E33D /* NSDate+NIMisc.m in Sources */ = {isa = PBXBuildFile; fileRef = 7982E19211997B4500C8E33D /* NSDate+NIMisc.m */; };
		7982E1A011997B4500C8E33D /* NSObject+IGJson.h in Headers */ = {isa = PBXBuildFile; fileRef = 7982E19411997B4500C8E33D /* NSObject+IGJson.h */; settings = {ATTRIBUTES = (Public, ); }; };
		7982E1A111997B4500C8E33D /* NSObject+IGJson.m in Sources */ = {isa = PBXBuildFile; fileRef = 7982E19511997B4500C8E33D /* NSObject+IGJson.m */; };
		7982E1A211997B4500C8E33D /* NSString+IGJson.h in Headers */ = {isa = PBXBuildFile; fileRef = 7982E19611997B4500C8E33D /* NSString+IGJson.h */; settings = {ATTRIBUTES = (Public, ); }; };
		7982E1A311997B4500C8E33D /* NSString+IGJson.m in Sources */ = {isa = PBXBuildFile; fileRef = 7982E19711997B4500C8E33D /* NSString+IGJson.m */; };
		7994A454119DA2FD00C5AE7B /* IGCache.h in Headers */ = {isa = PBXBuildFile; fileRef = 7994A450119DA2FD00C5AE7B /* IGCache.h */; settings = {ATTRIBUTES = (Public, ); }; };
		7994A455119DA2FD00C5AE7B /* IGCache.m in Sources */ = {isa = PBXBuildFile; fileRef = 7994A451119DA2FD00C5AE7B /* IGCache.m */; };
		7994A456119DA2FD00C5AE7B /* IGCacheImages.h in Headers */ = {isa = PBXBuildFile; fileRef = 7994A452119DA2FD00C5AE7B /* IGCacheImages.h */; settings = {ATTRIBUTES = (Public, ); }; };
		7994A457119DA2FD00C5AE7B /* IGCacheImages.m in Sources */ = {isa = PBXBuildFile; fileRef = 7994A453119DA2FD00C5AE7B /* IGCacheImages.m */; };
		7994A46A119DA32100C5AE7B /* IGTextEncoding.h in Headers */ = {isa = PBXBuildFile; fileRef = 7994A466119DA32100C5AE7B /* IGTextEncoding.h */; settings = {ATTRIBUTES = (Public, ); }; };
		7994A46B119DA32100C5AE7B /* IGTextEncoding.m in Sources */ = {isa = PBXBuildFile; fileRef = 7994A467119DA32100C5AE7B /* IGTextEncoding.m */; };
		7994A46C119DA32100C5AE7B /* IGText.h in Headers */ = {isa = PBXBuildFile; fileRef = 7994A468119DA32100C5AE7B /* IGText.h */; settings = {ATTRIBUTES = (Public, ); }; };
		7994A46D119DA32100C5AE7B /* IGText.m in Sources */ = {isa = PBXBuildFile; fileRef = 7994A469119DA32100C5AE7B /* IGText.m */; };
		7994A476119DA33100C5AE7B /* IGFilesystem.h in Headers */ = {isa = PBXBuildFile; fileRef = 7994A471119DA33100C5AE7B /* IGFilesystem.h */; settings = {ATTRIBUTES = (Public, ); }; };
		7994A477119DA33100C5AE7B /* IGFilesystemPaths.h in Headers */ = {isa = PBXBuildFile; fileRef = 7994A472119DA33100C5AE7B /* IGFilesystemPaths.h */; settings = {ATTRIBUTES = (Public, ); }; };
		7994A478119DA33100C5AE7B /* IGFilesystemPaths.m in Sources */ = {isa = PBXBuildFile; fileRef = 7994A473119DA33100C5AE7B /* IGFilesystemPaths.m */; };
		7994A479119DA33100C5AE7B /* IGFilesystemIO.h in Headers */ = {isa = PBXBuildFile; fileRef = 7994A474119DA33100C5AE7B /* IGFilesystemIO.h */; settings = {ATTRIBUTES = (Public, ); }; };
		7994A47A119DA33100C5AE7B /* IGFilesystemIO.m in Sources */ = {isa = PBXBuildFile; fileRef = 7994A475119DA33100C5AE7B /* IGFilesystemIO.m */; };
		7994A484119DA34800C5AE7B /* IGValidation.h in Headers */ = {isa = PBXBuildFile; fileRef = 7994A47E119DA34800C5AE7B /* IGValidation.h */; settings = {ATTRIBUTES = (Public, ); }; };
		7994A485119DA34800C5AE7B /* IGValidation.m in Sources */ = {isa = PBXBuildFile; fileRef = 7994A47F119DA34800C5AE7B /* IGValidation.m */; };
		7994A486119DA34800C5AE7B /* IGValidationText.h in Headers */ = {isa = PBXBuildFile; fileRef = 7994A480119DA34800C5AE7B /* IGValidationText.h */; settings = {ATTRIBUTES = (Public, ); }; };
		7994A487119DA34800C5AE7B /* IGValidationText.m in Sources */ = {isa = PBXBuildFile; fileRef = 7994A481119DA34800C5AE7B /* IGValidationText.m */; };
		7994A488119DA34800C5AE7B /* IGValidationNumber.h in Headers */ = {isa = PBXBuildFile; fileRef = 7994A482119DA34800C5AE7B /* IGValidationNumber.h */; settings = {ATTRIBUTES = (Public, ); }; };
		7994A489119DA34800C5AE7B /* IGValidationNumber.m in Sources */ = {isa = PBXBuildFile; fileRef = 7994A483119DA34800C5AE7B /* IGValidationNumber.m */; };
		7994A48F119DA35900C5AE7B /* IGImagesTools.h in Headers */ = {isa = PBXBuildFile; fileRef = 7994A48D119DA35900C5AE7B /* IGImagesTools.h */; settings = {ATTRIBUTES = (Public, ); }; };
		7994A490119DA35900C5AE7B /* IGImagesTools.m in Sources */ = {isa = PBXBuildFile; fileRef = 7994A48E119DA35900C5AE7B /* IGImagesTools.m */; };
		7994A495119DA36900C5AE7B /* IGConfiguration.h in Headers */ = {isa = PBXBuildFile; fileRef = 7994A494119DA36900C5AE7B /* IGConfiguration.h */; settings = {ATTRIBUTES = (Public, ); }; };
		AA747D9F0F9514B9006C5449 /* NILibrary_Prefix.pch in Headers */ = {isa = PBXBuildFile; fileRef = AA747D9E0F9514B9006C5449 /* NILibrary_Prefix.pch */; settings = {ATTRIBUTES = (Public, ); }; };
/* End PBXBuildFile section */

/* Begin PBXFileReference section */
		12756C7511F729130045B9C1 /* Foundation.framework */ = {isa = PBXFileReference; lastKnownFileType = wrapper.framework; name = Foundation.framework; path = /System/Library/Frameworks/Foundation.framework; sourceTree = "<absolute>"; };
		12756C7F11F7299B0045B9C1 /* UIKit.framework */ = {isa = PBXFileReference; lastKnownFileType = wrapper.framework; name = UIKit.framework; path = System/Library/Frameworks/UIKit.framework; sourceTree = SDKROOT; };
		12756C8211F729AD0045B9C1 /* Foundation.framework */ = {isa = PBXFileReference; lastKnownFileType = wrapper.framework; name = Foundation.framework; path = System/Library/Frameworks/Foundation.framework; sourceTree = SDKROOT; };
		12756C8411F729BE0045B9C1 /* SystemConfiguration.framework */ = {isa = PBXFileReference; lastKnownFileType = wrapper.framework; name = SystemConfiguration.framework; path = System/Library/Frameworks/SystemConfiguration.framework; sourceTree = SDKROOT; };
		12756C8611F729CE0045B9C1 /* CFNetwork.framework */ = {isa = PBXFileReference; lastKnownFileType = wrapper.framework; name = CFNetwork.framework; path = System/Library/Frameworks/CFNetwork.framework; sourceTree = SDKROOT; };
		49D32B3411B907DA0007813E /* TestsLogic.octest */ = {isa = PBXFileReference; explicitFileType = wrapper.cfbundle; includeInIndex = 0; path = TestsLogic.octest; sourceTree = BUILT_PRODUCTS_DIR; };
		49D32B3511B907DA0007813E /* TestsLogic-Info.plist */ = {isa = PBXFileReference; lastKnownFileType = text.plist.xml; path = "TestsLogic-Info.plist"; sourceTree = "<group>"; };
		49D32B3E11B908470007813E /* LogicTests.h */ = {isa = PBXFileReference; fileEncoding = 4; lastKnownFileType = sourcecode.c.h; name = LogicTests.h; path = TestsLogic/LogicTests.h; sourceTree = "<group>"; };
		49D32B3F11B908470007813E /* LogicTests.m */ = {isa = PBXFileReference; fileEncoding = 4; lastKnownFileType = sourcecode.c.objc; name = LogicTests.m; path = TestsLogic/LogicTests.m; sourceTree = "<group>"; };
		793A4F151192D680000914EF /* NIFilesystemIO.h */ = {isa = PBXFileReference; fileEncoding = 4; lastKnownFileType = sourcecode.c.h; path = NIFilesystemIO.h; sourceTree = "<group>"; };
		793A4F161192D680000914EF /* NIFilesystemIO.m */ = {isa = PBXFileReference; fileEncoding = 4; lastKnownFileType = sourcecode.c.objc; path = NIFilesystemIO.m; sourceTree = "<group>"; };
		793A4F241192D9B1000914EF /* NIFilesystem.h */ = {isa = PBXFileReference; fileEncoding = 4; lastKnownFileType = sourcecode.c.h; path = NIFilesystem.h; sourceTree = "<group>"; };
		793A4F261192DA86000914EF /* NIFilesystemPaths.h */ = {isa = PBXFileReference; fileEncoding = 4; lastKnownFileType = sourcecode.c.h; path = NIFilesystemPaths.h; sourceTree = "<group>"; };
		793A4F271192DA86000914EF /* NIFilesystemPaths.m */ = {isa = PBXFileReference; fileEncoding = 4; lastKnownFileType = sourcecode.c.objc; path = NIFilesystemPaths.m; sourceTree = "<group>"; };
		793A4F2D1192DB06000914EF /* NIConfiguration.h */ = {isa = PBXFileReference; fileEncoding = 4; lastKnownFileType = sourcecode.c.h; path = NIConfiguration.h; sourceTree = "<group>"; };
		793A512E11944CD7000914EF /* NINetworkingConnection.h */ = {isa = PBXFileReference; fileEncoding = 4; lastKnownFileType = sourcecode.c.h; path = NINetworkingConnection.h; sourceTree = "<group>"; };
		793A512F11944CD7000914EF /* NINetworkingConnection.m */ = {isa = PBXFileReference; fileEncoding = 4; lastKnownFileType = sourcecode.c.objc; path = NINetworkingConnection.m; sourceTree = "<group>"; };
		793A513011944CD7000914EF /* NINetworkingReachability.h */ = {isa = PBXFileReference; fileEncoding = 4; lastKnownFileType = sourcecode.c.h; path = NINetworkingReachability.h; sourceTree = "<group>"; };
		793A513111944CD7000914EF /* NINetworkingReachability.m */ = {isa = PBXFileReference; fileEncoding = 4; lastKnownFileType = sourcecode.c.objc; path = NINetworkingReachability.m; sourceTree = "<group>"; };
		793A517E119450BB000914EF /* NIUIAlertsConnectionController.h */ = {isa = PBXFileReference; fileEncoding = 4; lastKnownFileType = sourcecode.c.h; path = NIUIAlertsConnectionController.h; sourceTree = "<group>"; };
		793A517F119450BB000914EF /* NIUIAlertsConnectionController.m */ = {isa = PBXFileReference; fileEncoding = 4; lastKnownFileType = sourcecode.c.objc; path = NIUIAlertsConnectionController.m; sourceTree = "<group>"; };
		79434F9111AC059E000FE549 /* NIBundle.h */ = {isa = PBXFileReference; fileEncoding = 4; lastKnownFileType = sourcecode.c.h; path = NIBundle.h; sourceTree = "<group>"; };
		79434F9511AC05AF000FE549 /* NIBundleImages.h */ = {isa = PBXFileReference; fileEncoding = 4; lastKnownFileType = sourcecode.c.h; path = NIBundleImages.h; sourceTree = "<group>"; };
		79434F9611AC05AF000FE549 /* NIBundleImages.m */ = {isa = PBXFileReference; fileEncoding = 4; lastKnownFileType = sourcecode.c.objc; path = NIBundleImages.m; sourceTree = "<group>"; };
		7961D2BB11AAB5F6008E1E50 /* NIDeviceOrientation.h */ = {isa = PBXFileReference; fileEncoding = 4; lastKnownFileType = sourcecode.c.h; path = NIDeviceOrientation.h; sourceTree = "<group>"; };
		7961D2BC11AAB5F6008E1E50 /* NIDeviceOrientation.m */ = {isa = PBXFileReference; fileEncoding = 4; lastKnownFileType = sourcecode.c.objc; path = NIDeviceOrientation.m; sourceTree = "<group>"; };
		7961D34B11AAE15B008E1E50 /* IGSettings.h */ = {isa = PBXFileReference; fileEncoding = 4; lastKnownFileType = sourcecode.c.h; path = IGSettings.h; sourceTree = "<group>"; };
		7961D34C11AAE15B008E1E50 /* IGSettingsUser.h */ = {isa = PBXFileReference; fileEncoding = 4; lastKnownFileType = sourcecode.c.h; path = IGSettingsUser.h; sourceTree = "<group>"; };
		7961D34D11AAE15B008E1E50 /* IGSettingsUser.m */ = {isa = PBXFileReference; fileEncoding = 4; lastKnownFileType = sourcecode.c.objc; path = IGSettingsUser.m; sourceTree = "<group>"; };
		7961D34E11AAE15B008E1E50 /* IGSettingsCustom.h */ = {isa = PBXFileReference; fileEncoding = 4; lastKnownFileType = sourcecode.c.h; path = IGSettingsCustom.h; sourceTree = "<group>"; };
		7961D34F11AAE15B008E1E50 /* IGSettingsCustom.m */ = {isa = PBXFileReference; fileEncoding = 4; lastKnownFileType = sourcecode.c.objc; path = IGSettingsCustom.m; sourceTree = "<group>"; };
		797885AA11CB961B006D64D9 /* NIPreloaderRotating.h */ = {isa = PBXFileReference; fileEncoding = 4; lastKnownFileType = sourcecode.c.h; path = NIPreloaderRotating.h; sourceTree = "<group>"; };
		797885AB11CB961B006D64D9 /* NIPreloaderRotating.m */ = {isa = PBXFileReference; fileEncoding = 4; lastKnownFileType = sourcecode.c.objc; path = NIPreloaderRotating.m; sourceTree = "<group>"; };
		7982E16B11997A5600C8E33D /* IGJson.h */ = {isa = PBXFileReference; fileEncoding = 4; lastKnownFileType = sourcecode.c.h; path = IGJson.h; sourceTree = "<group>"; };
		7982E16C11997A5600C8E33D /* IGJson.m */ = {isa = PBXFileReference; fileEncoding = 4; lastKnownFileType = sourcecode.c.objc; path = IGJson.m; sourceTree = "<group>"; };
		7982E16D11997A5600C8E33D /* IGJsonBase.h */ = {isa = PBXFileReference; fileEncoding = 4; lastKnownFileType = sourcecode.c.h; path = IGJsonBase.h; sourceTree = "<group>"; };
		7982E16E11997A5600C8E33D /* IGJsonBase.m */ = {isa = PBXFileReference; fileEncoding = 4; lastKnownFileType = sourcecode.c.objc; path = IGJsonBase.m; sourceTree = "<group>"; };
		7982E16F11997A5600C8E33D /* IGJsonParser.h */ = {isa = PBXFileReference; fileEncoding = 4; lastKnownFileType = sourcecode.c.h; path = IGJsonParser.h; sourceTree = "<group>"; };
		7982E17011997A5600C8E33D /* IGJsonParser.m */ = {isa = PBXFileReference; fileEncoding = 4; lastKnownFileType = sourcecode.c.objc; path = IGJsonParser.m; sourceTree = "<group>"; };
		7982E17111997A5600C8E33D /* IGJsonWriter.h */ = {isa = PBXFileReference; fileEncoding = 4; lastKnownFileType = sourcecode.c.h; path = IGJsonWriter.h; sourceTree = "<group>"; };
		7982E17211997A5600C8E33D /* IGJsonWriter.m */ = {isa = PBXFileReference; fileEncoding = 4; lastKnownFileType = sourcecode.c.objc; path = IGJsonWriter.m; sourceTree = "<group>"; };
		7982E17311997A5600C8E33D /* IGJsonData.h */ = {isa = PBXFileReference; fileEncoding = 4; lastKnownFileType = sourcecode.c.h; path = IGJsonData.h; sourceTree = "<group>"; };
		7982E17411997A5600C8E33D /* IGJsonData.m */ = {isa = PBXFileReference; fileEncoding = 4; lastKnownFileType = sourcecode.c.objc; path = IGJsonData.m; sourceTree = "<group>"; };
		7982E18911997B4500C8E33D /* UIImage-Tools.h */ = {isa = PBXFileReference; fileEncoding = 4; lastKnownFileType = sourcecode.c.h; path = "UIImage-Tools.h"; sourceTree = "<group>"; };
		7982E18A11997B4500C8E33D /* UIImage-Tools.m */ = {isa = PBXFileReference; fileEncoding = 4; lastKnownFileType = sourcecode.c.objc; path = "UIImage-Tools.m"; sourceTree = "<group>"; };
		7982E18C11997B4500C8E33D /* NSString+URL.h */ = {isa = PBXFileReference; fileEncoding = 4; lastKnownFileType = sourcecode.c.h; path = "NSString+URL.h"; sourceTree = "<group>"; };
		7982E18D11997B4500C8E33D /* NSString+URL.m */ = {isa = PBXFileReference; fileEncoding = 4; lastKnownFileType = sourcecode.c.objc; path = "NSString+URL.m"; sourceTree = "<group>"; };
		7982E18E11997B4500C8E33D /* NSString+Ereg.h */ = {isa = PBXFileReference; fileEncoding = 4; lastKnownFileType = sourcecode.c.h; path = "NSString+Ereg.h"; sourceTree = "<group>"; };
		7982E18F11997B4500C8E33D /* NSString+Ereg.m */ = {isa = PBXFileReference; fileEncoding = 4; lastKnownFileType = sourcecode.c.objc; path = "NSString+Ereg.m"; sourceTree = "<group>"; };
		7982E19111997B4500C8E33D /* NSDate+NIMisc.h */ = {isa = PBXFileReference; fileEncoding = 4; lastKnownFileType = sourcecode.c.h; path = "NSDate+NIMisc.h"; sourceTree = "<group>"; };
		7982E19211997B4500C8E33D /* NSDate+NIMisc.m */ = {isa = PBXFileReference; fileEncoding = 4; lastKnownFileType = sourcecode.c.objc; path = "NSDate+NIMisc.m"; sourceTree = "<group>"; };
		7982E19411997B4500C8E33D /* NSObject+IGJson.h */ = {isa = PBXFileReference; fileEncoding = 4; lastKnownFileType = sourcecode.c.h; path = "NSObject+IGJson.h"; sourceTree = "<group>"; };
		7982E19511997B4500C8E33D /* NSObject+IGJson.m */ = {isa = PBXFileReference; fileEncoding = 4; lastKnownFileType = sourcecode.c.objc; path = "NSObject+IGJson.m"; sourceTree = "<group>"; };
		7982E19611997B4500C8E33D /* NSString+IGJson.h */ = {isa = PBXFileReference; fileEncoding = 4; lastKnownFileType = sourcecode.c.h; path = "NSString+IGJson.h"; sourceTree = "<group>"; };
		7982E19711997B4500C8E33D /* NSString+IGJson.m */ = {isa = PBXFileReference; fileEncoding = 4; lastKnownFileType = sourcecode.c.objc; path = "NSString+IGJson.m"; sourceTree = "<group>"; };
		7994A450119DA2FD00C5AE7B /* IGCache.h */ = {isa = PBXFileReference; fileEncoding = 4; lastKnownFileType = sourcecode.c.h; path = IGCache.h; sourceTree = "<group>"; };
		7994A451119DA2FD00C5AE7B /* IGCache.m */ = {isa = PBXFileReference; fileEncoding = 4; lastKnownFileType = sourcecode.c.objc; path = IGCache.m; sourceTree = "<group>"; };
		7994A452119DA2FD00C5AE7B /* IGCacheImages.h */ = {isa = PBXFileReference; fileEncoding = 4; lastKnownFileType = sourcecode.c.h; path = IGCacheImages.h; sourceTree = "<group>"; };
		7994A453119DA2FD00C5AE7B /* IGCacheImages.m */ = {isa = PBXFileReference; fileEncoding = 4; lastKnownFileType = sourcecode.c.objc; path = IGCacheImages.m; sourceTree = "<group>"; };
		7994A466119DA32100C5AE7B /* IGTextEncoding.h */ = {isa = PBXFileReference; fileEncoding = 4; lastKnownFileType = sourcecode.c.h; path = IGTextEncoding.h; sourceTree = "<group>"; };
		7994A467119DA32100C5AE7B /* IGTextEncoding.m */ = {isa = PBXFileReference; fileEncoding = 4; lastKnownFileType = sourcecode.c.objc; path = IGTextEncoding.m; sourceTree = "<group>"; };
		7994A468119DA32100C5AE7B /* IGText.h */ = {isa = PBXFileReference; fileEncoding = 4; lastKnownFileType = sourcecode.c.h; path = IGText.h; sourceTree = "<group>"; };
		7994A469119DA32100C5AE7B /* IGText.m */ = {isa = PBXFileReference; fileEncoding = 4; lastKnownFileType = sourcecode.c.objc; path = IGText.m; sourceTree = "<group>"; };
		7994A471119DA33100C5AE7B /* IGFilesystem.h */ = {isa = PBXFileReference; fileEncoding = 4; lastKnownFileType = sourcecode.c.h; path = IGFilesystem.h; sourceTree = "<group>"; };
		7994A472119DA33100C5AE7B /* IGFilesystemPaths.h */ = {isa = PBXFileReference; fileEncoding = 4; lastKnownFileType = sourcecode.c.h; path = IGFilesystemPaths.h; sourceTree = "<group>"; };
		7994A473119DA33100C5AE7B /* IGFilesystemPaths.m */ = {isa = PBXFileReference; fileEncoding = 4; lastKnownFileType = sourcecode.c.objc; path = IGFilesystemPaths.m; sourceTree = "<group>"; };
		7994A474119DA33100C5AE7B /* IGFilesystemIO.h */ = {isa = PBXFileReference; fileEncoding = 4; lastKnownFileType = sourcecode.c.h; path = IGFilesystemIO.h; sourceTree = "<group>"; };
		7994A475119DA33100C5AE7B /* IGFilesystemIO.m */ = {isa = PBXFileReference; fileEncoding = 4; lastKnownFileType = sourcecode.c.objc; path = IGFilesystemIO.m; sourceTree = "<group>"; };
		7994A47E119DA34800C5AE7B /* IGValidation.h */ = {isa = PBXFileReference; fileEncoding = 4; lastKnownFileType = sourcecode.c.h; path = IGValidation.h; sourceTree = "<group>"; };
		7994A47F119DA34800C5AE7B /* IGValidation.m */ = {isa = PBXFileReference; fileEncoding = 4; lastKnownFileType = sourcecode.c.objc; path = IGValidation.m; sourceTree = "<group>"; };
		7994A480119DA34800C5AE7B /* IGValidationText.h */ = {isa = PBXFileReference; fileEncoding = 4; lastKnownFileType = sourcecode.c.h; path = IGValidationText.h; sourceTree = "<group>"; };
		7994A481119DA34800C5AE7B /* IGValidationText.m */ = {isa = PBXFileReference; fileEncoding = 4; lastKnownFileType = sourcecode.c.objc; path = IGValidationText.m; sourceTree = "<group>"; };
		7994A482119DA34800C5AE7B /* IGValidationNumber.h */ = {isa = PBXFileReference; fileEncoding = 4; lastKnownFileType = sourcecode.c.h; path = IGValidationNumber.h; sourceTree = "<group>"; };
		7994A483119DA34800C5AE7B /* IGValidationNumber.m */ = {isa = PBXFileReference; fileEncoding = 4; lastKnownFileType = sourcecode.c.objc; path = IGValidationNumber.m; sourceTree = "<group>"; };
		7994A48D119DA35900C5AE7B /* IGImagesTools.h */ = {isa = PBXFileReference; fileEncoding = 4; lastKnownFileType = sourcecode.c.h; path = IGImagesTools.h; sourceTree = "<group>"; };
		7994A48E119DA35900C5AE7B /* IGImagesTools.m */ = {isa = PBXFileReference; fileEncoding = 4; lastKnownFileType = sourcecode.c.objc; path = IGImagesTools.m; sourceTree = "<group>"; };
		7994A494119DA36900C5AE7B /* IGConfiguration.h */ = {isa = PBXFileReference; fileEncoding = 4; lastKnownFileType = sourcecode.c.h; path = IGConfiguration.h; sourceTree = "<group>"; };
		AA747D9E0F9514B9006C5449 /* NILibrary_Prefix.pch */ = {isa = PBXFileReference; fileEncoding = 4; lastKnownFileType = sourcecode.c.h; path = NILibrary_Prefix.pch; sourceTree = SOURCE_ROOT; };
		D2AAC07E0554694100DB518D /* libNILibrary.a */ = {isa = PBXFileReference; explicitFileType = archive.ar; includeInIndex = 0; path = libNILibrary.a; sourceTree = BUILT_PRODUCTS_DIR; };
/* End PBXFileReference section */

/* Begin PBXFrameworksBuildPhase section */
		49D32B3111B907DA0007813E /* Frameworks */ = {
			isa = PBXFrameworksBuildPhase;
			buildActionMask = 2147483647;
			files = (
			);
			runOnlyForDeploymentPostprocessing = 0;
		};
		D2AAC07C0554694100DB518D /* Frameworks */ = {
			isa = PBXFrameworksBuildPhase;
			buildActionMask = 2147483647;
			files = (
				12756C7611F729130045B9C1 /* Foundation.framework in Frameworks */,
				12756C8011F7299B0045B9C1 /* UIKit.framework in Frameworks */,
				12756C8311F729AD0045B9C1 /* Foundation.framework in Frameworks */,
				12756C8511F729BE0045B9C1 /* SystemConfiguration.framework in Frameworks */,
				12756C8711F729CE0045B9C1 /* CFNetwork.framework in Frameworks */,
			);
			runOnlyForDeploymentPostprocessing = 0;
		};
/* End PBXFrameworksBuildPhase section */

/* Begin PBXGroup section */
		034768DFFF38A50411DB9C8B /* Products */ = {
			isa = PBXGroup;
			children = (
				D2AAC07E0554694100DB518D /* libNILibrary.a */,
				49D32B3411B907DA0007813E /* TestsLogic.octest */,
			);
			name = Products;
			sourceTree = "<group>";
		};
		0867D691FE84028FC02AAC07 /* NILibrary */ = {
			isa = PBXGroup;
			children = (
				49D32B3B11B9080F0007813E /* TestsLogic */,
				7994A493119DA36900C5AE7B /* Configuration */,
				7982E18711997B4500C8E33D /* Categories */,
				793A517B119450A2000914EF /* UI */,
				08FB77AEFE84172EC02AAC07 /* Classes */,
				32C88DFF0371C24200C91783 /* Other Sources */,
				0867D69AFE84028FC02AAC07 /* Frameworks */,
				034768DFFF38A50411DB9C8B /* Products */,
				49D32B3511B907DA0007813E /* TestsLogic-Info.plist */,
				12756C7511F729130045B9C1 /* Foundation.framework */,
			);
			name = NILibrary;
			sourceTree = "<group>";
		};
		0867D69AFE84028FC02AAC07 /* Frameworks */ = {
			isa = PBXGroup;
			children = (
				12756C7F11F7299B0045B9C1 /* UIKit.framework */,
				12756C8211F729AD0045B9C1 /* Foundation.framework */,
				12756C8411F729BE0045B9C1 /* SystemConfiguration.framework */,
				12756C8611F729CE0045B9C1 /* CFNetwork.framework */,
			);
			name = Frameworks;
			sourceTree = "<group>";
		};
		08FB77AEFE84172EC02AAC07 /* Classes */ = {
			isa = PBXGroup;
			children = (
				79434F9011AC058D000FE549 /* Bundle */,
				7961D34A11AAE15B008E1E50 /* Settings */,
				7961D2BA11AAB5A8008E1E50 /* Accelerometer */,
				7994A48C119DA35900C5AE7B /* Images */,
				7994A47D119DA34800C5AE7B /* Validation */,
				7994A470119DA33100C5AE7B /* Filesystem */,
				7994A465119DA32100C5AE7B /* Text */,
				7994A44F119DA2FD00C5AE7B /* Cache */,
				7982E16011997A3400C8E33D /* Json */,
				793A512D11944CCD000914EF /* Networking */,
				793A4F2C1192DB05000914EF /* Configuration */,
				793A4F141192D680000914EF /* Filesystem */,
			);
			name = Classes;
			sourceTree = "<group>";
		};
		32C88DFF0371C24200C91783 /* Other Sources */ = {
			isa = PBXGroup;
			children = (
				AA747D9E0F9514B9006C5449 /* NILibrary_Prefix.pch */,
			);
			name = "Other Sources";
			sourceTree = "<group>";
		};
		49D32B3B11B9080F0007813E /* TestsLogic */ = {
			isa = PBXGroup;
			children = (
				49D32B3E11B908470007813E /* LogicTests.h */,
				49D32B3F11B908470007813E /* LogicTests.m */,
			);
			name = TestsLogic;
			sourceTree = "<group>";
		};
		793A4F141192D680000914EF /* Filesystem */ = {
			isa = PBXGroup;
			children = (
				793A4F241192D9B1000914EF /* NIFilesystem.h */,
				793A4F261192DA86000914EF /* NIFilesystemPaths.h */,
				793A4F271192DA86000914EF /* NIFilesystemPaths.m */,
				793A4F151192D680000914EF /* NIFilesystemIO.h */,
				793A4F161192D680000914EF /* NIFilesystemIO.m */,
			);
			path = Filesystem;
			sourceTree = "<group>";
		};
		793A4F2C1192DB05000914EF /* Configuration */ = {
			isa = PBXGroup;
			children = (
				793A4F2D1192DB06000914EF /* NIConfiguration.h */,
			);
			name = Configuration;
			sourceTree = "<group>";
		};
		793A512D11944CCD000914EF /* Networking */ = {
			isa = PBXGroup;
			children = (
				793A512E11944CD7000914EF /* NINetworkingConnection.h */,
				793A512F11944CD7000914EF /* NINetworkingConnection.m */,
				793A513011944CD7000914EF /* NINetworkingReachability.h */,
				793A513111944CD7000914EF /* NINetworkingReachability.m */,
			);
			path = Networking;
			sourceTree = "<group>";
		};
		793A517B119450A2000914EF /* UI */ = {
			isa = PBXGroup;
			children = (
				797885A911CB95F0006D64D9 /* NIPreloader */,
				793A517C119450A9000914EF /* Alerts */,
			);
			name = UI;
			sourceTree = "<group>";
		};
		793A517C119450A9000914EF /* Alerts */ = {
			isa = PBXGroup;
			children = (
				793A517E119450BB000914EF /* NIUIAlertsConnectionController.h */,
				793A517F119450BB000914EF /* NIUIAlertsConnectionController.m */,
				793A517D119450AF000914EF /* Connection */,
			);
			name = Alerts;
			sourceTree = "<group>";
		};
		793A517D119450AF000914EF /* Connection */ = {
			isa = PBXGroup;
			children = (
			);
			name = Connection;
			sourceTree = "<group>";
		};
		79434F9011AC058D000FE549 /* Bundle */ = {
			isa = PBXGroup;
			children = (
				79434F9111AC059E000FE549 /* NIBundle.h */,
				79434F9511AC05AF000FE549 /* NIBundleImages.h */,
				79434F9611AC05AF000FE549 /* NIBundleImages.m */,
			);
			name = Bundle;
			sourceTree = "<group>";
		};
		7961D2BA11AAB5A8008E1E50 /* Accelerometer */ = {
			isa = PBXGroup;
			children = (
				7961D2BB11AAB5F6008E1E50 /* NIDeviceOrientation.h */,
				7961D2BC11AAB5F6008E1E50 /* NIDeviceOrientation.m */,
			);
			name = Accelerometer;
			sourceTree = "<group>";
		};
		7961D34A11AAE15B008E1E50 /* Settings */ = {
			isa = PBXGroup;
			children = (
				7961D34B11AAE15B008E1E50 /* IGSettings.h */,
				7961D34C11AAE15B008E1E50 /* IGSettingsUser.h */,
				7961D34D11AAE15B008E1E50 /* IGSettingsUser.m */,
				7961D34E11AAE15B008E1E50 /* IGSettingsCustom.h */,
				7961D34F11AAE15B008E1E50 /* IGSettingsCustom.m */,
			);
			name = Settings;
			sourceTree = "<group>";
		};
		797885A911CB95F0006D64D9 /* NIPreloader */ = {
			isa = PBXGroup;
			children = (
				797885AA11CB961B006D64D9 /* NIPreloaderRotating.h */,
				797885AB11CB961B006D64D9 /* NIPreloaderRotating.m */,
			);
			name = NIPreloader;
			sourceTree = "<group>";
		};
		7982E16011997A3400C8E33D /* Json */ = {
			isa = PBXGroup;
			children = (
				7982E16A11997A5600C8E33D /* IGJson */,
			);
			name = Json;
			sourceTree = "<group>";
		};
		7982E16A11997A5600C8E33D /* IGJson */ = {
			isa = PBXGroup;
			children = (
				7982E16B11997A5600C8E33D /* IGJson.h */,
				7982E16C11997A5600C8E33D /* IGJson.m */,
				7982E16D11997A5600C8E33D /* IGJsonBase.h */,
				7982E16E11997A5600C8E33D /* IGJsonBase.m */,
				7982E16F11997A5600C8E33D /* IGJsonParser.h */,
				7982E17011997A5600C8E33D /* IGJsonParser.m */,
				7982E17111997A5600C8E33D /* IGJsonWriter.h */,
				7982E17211997A5600C8E33D /* IGJsonWriter.m */,
				7982E17311997A5600C8E33D /* IGJsonData.h */,
				7982E17411997A5600C8E33D /* IGJsonData.m */,
			);
			name = IGJson;
			sourceTree = "<group>";
		};
		7982E18711997B4500C8E33D /* Categories */ = {
			isa = PBXGroup;
			children = (
				7982E19311997B4500C8E33D /* IGJson */,
				7982E19011997B4500C8E33D /* NSDate */,
				7982E18B11997B4500C8E33D /* NSString */,
				7982E18811997B4500C8E33D /* UIImage */,
			);
			name = Categories;
			sourceTree = "<group>";
		};
		7982E18811997B4500C8E33D /* UIImage */ = {
			isa = PBXGroup;
			children = (
				7982E18911997B4500C8E33D /* UIImage-Tools.h */,
				7982E18A11997B4500C8E33D /* UIImage-Tools.m */,
			);
			name = UIImage;
			sourceTree = "<group>";
		};
		7982E18B11997B4500C8E33D /* NSString */ = {
			isa = PBXGroup;
			children = (
				7982E18C11997B4500C8E33D /* NSString+URL.h */,
				7982E18D11997B4500C8E33D /* NSString+URL.m */,
				7982E18E11997B4500C8E33D /* NSString+Ereg.h */,
				7982E18F11997B4500C8E33D /* NSString+Ereg.m */,
			);
			name = NSString;
			sourceTree = "<group>";
		};
		7982E19011997B4500C8E33D /* NSDate */ = {
			isa = PBXGroup;
			children = (
				7982E19111997B4500C8E33D /* NSDate+NIMisc.h */,
				7982E19211997B4500C8E33D /* NSDate+NIMisc.m */,
			);
			name = NSDate;
			sourceTree = "<group>";
		};
		7982E19311997B4500C8E33D /* IGJson */ = {
			isa = PBXGroup;
			children = (
				7982E19411997B4500C8E33D /* NSObject+IGJson.h */,
				7982E19511997B4500C8E33D /* NSObject+IGJson.m */,
				7982E19611997B4500C8E33D /* NSString+IGJson.h */,
				7982E19711997B4500C8E33D /* NSString+IGJson.m */,
			);
			name = IGJson;
			sourceTree = "<group>";
		};
		7994A44F119DA2FD00C5AE7B /* Cache */ = {
			isa = PBXGroup;
			children = (
				7994A450119DA2FD00C5AE7B /* IGCache.h */,
				7994A451119DA2FD00C5AE7B /* IGCache.m */,
				7994A452119DA2FD00C5AE7B /* IGCacheImages.h */,
				7994A453119DA2FD00C5AE7B /* IGCacheImages.m */,
			);
			name = Cache;
			sourceTree = "<group>";
		};
		7994A465119DA32100C5AE7B /* Text */ = {
			isa = PBXGroup;
			children = (
				7994A466119DA32100C5AE7B /* IGTextEncoding.h */,
				7994A467119DA32100C5AE7B /* IGTextEncoding.m */,
				7994A468119DA32100C5AE7B /* IGText.h */,
				7994A469119DA32100C5AE7B /* IGText.m */,
			);
			name = Text;
			sourceTree = "<group>";
		};
		7994A470119DA33100C5AE7B /* Filesystem */ = {
			isa = PBXGroup;
			children = (
				7994A471119DA33100C5AE7B /* IGFilesystem.h */,
				7994A472119DA33100C5AE7B /* IGFilesystemPaths.h */,
				7994A473119DA33100C5AE7B /* IGFilesystemPaths.m */,
				7994A474119DA33100C5AE7B /* IGFilesystemIO.h */,
				7994A475119DA33100C5AE7B /* IGFilesystemIO.m */,
			);
			name = Filesystem;
			sourceTree = "<group>";
		};
		7994A47D119DA34800C5AE7B /* Validation */ = {
			isa = PBXGroup;
			children = (
				7994A47E119DA34800C5AE7B /* IGValidation.h */,
				7994A47F119DA34800C5AE7B /* IGValidation.m */,
				7994A480119DA34800C5AE7B /* IGValidationText.h */,
				7994A481119DA34800C5AE7B /* IGValidationText.m */,
				7994A482119DA34800C5AE7B /* IGValidationNumber.h */,
				7994A483119DA34800C5AE7B /* IGValidationNumber.m */,
			);
			name = Validation;
			sourceTree = "<group>";
		};
		7994A48C119DA35900C5AE7B /* Images */ = {
			isa = PBXGroup;
			children = (
				7994A48D119DA35900C5AE7B /* IGImagesTools.h */,
				7994A48E119DA35900C5AE7B /* IGImagesTools.m */,
			);
			name = Images;
			sourceTree = "<group>";
		};
		7994A493119DA36900C5AE7B /* Configuration */ = {
			isa = PBXGroup;
			children = (
				7994A494119DA36900C5AE7B /* IGConfiguration.h */,
			);
			name = Configuration;
			sourceTree = "<group>";
		};
/* End PBXGroup section */

/* Begin PBXHeadersBuildPhase section */
		D2AAC07A0554694100DB518D /* Headers */ = {
			isa = PBXHeadersBuildPhase;
			buildActionMask = 2147483647;
			files = (
				AA747D9F0F9514B9006C5449 /* NILibrary_Prefix.pch in Headers */,
				793A4F171192D680000914EF /* NIFilesystemIO.h in Headers */,
				793A4F251192D9B1000914EF /* NIFilesystem.h in Headers */,
				793A4F281192DA86000914EF /* NIFilesystemPaths.h in Headers */,
				793A4F2E1192DB06000914EF /* NIConfiguration.h in Headers */,
				793A513211944CD7000914EF /* NINetworkingConnection.h in Headers */,
				793A513411944CD7000914EF /* NINetworkingReachability.h in Headers */,
				793A5180119450BB000914EF /* NIUIAlertsConnectionController.h in Headers */,
				7982E17511997A5600C8E33D /* IGJson.h in Headers */,
				7982E17711997A5600C8E33D /* IGJsonBase.h in Headers */,
				7982E17911997A5600C8E33D /* IGJsonParser.h in Headers */,
				7982E17B11997A5600C8E33D /* IGJsonWriter.h in Headers */,
				7982E17D11997A5600C8E33D /* IGJsonData.h in Headers */,
				7982E19811997B4500C8E33D /* UIImage-Tools.h in Headers */,
				7982E19A11997B4500C8E33D /* NSString+URL.h in Headers */,
				7982E19C11997B4500C8E33D /* NSString+Ereg.h in Headers */,
				7982E19E11997B4500C8E33D /* NSDate+NIMisc.h in Headers */,
				7982E1A011997B4500C8E33D /* NSObject+IGJson.h in Headers */,
				7982E1A211997B4500C8E33D /* NSString+IGJson.h in Headers */,
				7994A454119DA2FD00C5AE7B /* IGCache.h in Headers */,
				7994A456119DA2FD00C5AE7B /* IGCacheImages.h in Headers */,
				7994A46A119DA32100C5AE7B /* IGTextEncoding.h in Headers */,
				7994A46C119DA32100C5AE7B /* IGText.h in Headers */,
				7994A476119DA33100C5AE7B /* IGFilesystem.h in Headers */,
				7994A477119DA33100C5AE7B /* IGFilesystemPaths.h in Headers */,
				7994A479119DA33100C5AE7B /* IGFilesystemIO.h in Headers */,
				7994A484119DA34800C5AE7B /* IGValidation.h in Headers */,
				7994A486119DA34800C5AE7B /* IGValidationText.h in Headers */,
				7994A488119DA34800C5AE7B /* IGValidationNumber.h in Headers */,
				7994A48F119DA35900C5AE7B /* IGImagesTools.h in Headers */,
				7994A495119DA36900C5AE7B /* IGConfiguration.h in Headers */,
				7961D2BD11AAB5F6008E1E50 /* NIDeviceOrientation.h in Headers */,
				7961D35011AAE15B008E1E50 /* IGSettings.h in Headers */,
				7961D35111AAE15B008E1E50 /* IGSettingsUser.h in Headers */,
				7961D35311AAE15B008E1E50 /* IGSettingsCustom.h in Headers */,
				79434F9311AC059E000FE549 /* NIBundle.h in Headers */,
				79434F9711AC05AF000FE549 /* NIBundleImages.h in Headers */,
				797885AC11CB961B006D64D9 /* NIPreloaderRotating.h in Headers */,
			);
			runOnlyForDeploymentPostprocessing = 0;
		};
/* End PBXHeadersBuildPhase section */

/* Begin PBXNativeTarget section */
		49D32B3311B907DA0007813E /* TestsLogic */ = {
			isa = PBXNativeTarget;
			buildConfigurationList = 49D32B3811B907DA0007813E /* Build configuration list for PBXNativeTarget "TestsLogic" */;
			buildPhases = (
				49D32B2F11B907DA0007813E /* Resources */,
				49D32B3011B907DA0007813E /* Sources */,
				49D32B3111B907DA0007813E /* Frameworks */,
				49D32B3211B907DA0007813E /* ShellScript */,
			);
			buildRules = (
			);
			comments = "Those tests will be run during build phase and will fail the build if not successfull";
			dependencies = (
			);
			name = TestsLogic;
			productName = TestsLogic;
			productReference = 49D32B3411B907DA0007813E /* TestsLogic.octest */;
			productType = "com.apple.product-type.bundle";
		};
		D2AAC07D0554694100DB518D /* NILibrary */ = {
			isa = PBXNativeTarget;
			buildConfigurationList = 1DEB921E08733DC00010E9CD /* Build configuration list for PBXNativeTarget "NILibrary" */;
			buildPhases = (
				D2AAC07A0554694100DB518D /* Headers */,
				D2AAC07B0554694100DB518D /* Sources */,
				D2AAC07C0554694100DB518D /* Frameworks */,
			);
			buildRules = (
			);
			dependencies = (
			);
			name = NILibrary;
			productName = NILibrary;
			productReference = D2AAC07E0554694100DB518D /* libNILibrary.a */;
			productType = "com.apple.product-type.library.static";
		};
/* End PBXNativeTarget section */

/* Begin PBXProject section */
		0867D690FE84028FC02AAC07 /* Project object */ = {
			isa = PBXProject;
			buildConfigurationList = 1DEB922208733DC00010E9CD /* Build configuration list for PBXProject "NILibrary" */;
			compatibilityVersion = "Xcode 3.1";
			developmentRegion = English;
			hasScannedForEncodings = 1;
			knownRegions = (
				en,
			);
			mainGroup = 0867D691FE84028FC02AAC07 /* NILibrary */;
			productRefGroup = 034768DFFF38A50411DB9C8B /* Products */;
			projectDirPath = "";
			projectRoot = "";
			targets = (
				D2AAC07D0554694100DB518D /* NILibrary */,
				49D32B3311B907DA0007813E /* TestsLogic */,
			);
		};
/* End PBXProject section */

/* Begin PBXResourcesBuildPhase section */
		49D32B2F11B907DA0007813E /* Resources */ = {
			isa = PBXResourcesBuildPhase;
			buildActionMask = 2147483647;
			files = (
			);
			runOnlyForDeploymentPostprocessing = 0;
		};
/* End PBXResourcesBuildPhase section */

/* Begin PBXShellScriptBuildPhase section */
		49D32B3211B907DA0007813E /* ShellScript */ = {
			isa = PBXShellScriptBuildPhase;
			buildActionMask = 2147483647;
			files = (
			);
			inputPaths = (
			);
			outputPaths = (
			);
			runOnlyForDeploymentPostprocessing = 0;
			shellPath = /bin/sh;
			shellScript = "# Run the unit tests in this test bundle.\n\"${SYSTEM_DEVELOPER_DIR}/Tools/RunUnitTests\"\n";
		};
/* End PBXShellScriptBuildPhase section */

/* Begin PBXSourcesBuildPhase section */
		49D32B3011B907DA0007813E /* Sources */ = {
			isa = PBXSourcesBuildPhase;
			buildActionMask = 2147483647;
			files = (
				49D32B4011B908470007813E /* LogicTests.m in Sources */,
			);
			runOnlyForDeploymentPostprocessing = 0;
		};
		D2AAC07B0554694100DB518D /* Sources */ = {
			isa = PBXSourcesBuildPhase;
			buildActionMask = 2147483647;
			files = (
				793A4F181192D680000914EF /* NIFilesystemIO.m in Sources */,
				793A4F291192DA86000914EF /* NIFilesystemPaths.m in Sources */,
				793A513311944CD7000914EF /* NINetworkingConnection.m in Sources */,
				793A513511944CD7000914EF /* NINetworkingReachability.m in Sources */,
				793A5181119450BB000914EF /* NIUIAlertsConnectionController.m in Sources */,
				7982E17611997A5600C8E33D /* IGJson.m in Sources */,
				7982E17811997A5600C8E33D /* IGJsonBase.m in Sources */,
				7982E17A11997A5600C8E33D /* IGJsonParser.m in Sources */,
				7982E17C11997A5600C8E33D /* IGJsonWriter.m in Sources */,
				7982E17E11997A5600C8E33D /* IGJsonData.m in Sources */,
				7982E19911997B4500C8E33D /* UIImage-Tools.m in Sources */,
				7982E19B11997B4500C8E33D /* NSString+URL.m in Sources */,
				7982E19D11997B4500C8E33D /* NSString+Ereg.m in Sources */,
				7982E19F11997B4500C8E33D /* NSDate+NIMisc.m in Sources */,
				7982E1A111997B4500C8E33D /* NSObject+IGJson.m in Sources */,
				7982E1A311997B4500C8E33D /* NSString+IGJson.m in Sources */,
				7994A455119DA2FD00C5AE7B /* IGCache.m in Sources */,
				7994A457119DA2FD00C5AE7B /* IGCacheImages.m in Sources */,
				7994A46B119DA32100C5AE7B /* IGTextEncoding.m in Sources */,
				7994A46D119DA32100C5AE7B /* IGText.m in Sources */,
				7994A478119DA33100C5AE7B /* IGFilesystemPaths.m in Sources */,
				7994A47A119DA33100C5AE7B /* IGFilesystemIO.m in Sources */,
				7994A485119DA34800C5AE7B /* IGValidation.m in Sources */,
				7994A487119DA34800C5AE7B /* IGValidationText.m in Sources */,
				7994A489119DA34800C5AE7B /* IGValidationNumber.m in Sources */,
				7994A490119DA35900C5AE7B /* IGImagesTools.m in Sources */,
				7961D2BE11AAB5F6008E1E50 /* NIDeviceOrientation.m in Sources */,
				7961D35211AAE15B008E1E50 /* IGSettingsUser.m in Sources */,
				7961D35411AAE15B008E1E50 /* IGSettingsCustom.m in Sources */,
				79434F9811AC05AF000FE549 /* NIBundleImages.m in Sources */,
				797885AD11CB961B006D64D9 /* NIPreloaderRotating.m in Sources */,
			);
			runOnlyForDeploymentPostprocessing = 0;
		};
/* End PBXSourcesBuildPhase section */

/* Begin XCBuildConfiguration section */
		1DEB921F08733DC00010E9CD /* Debug */ = {
			isa = XCBuildConfiguration;
			buildSettings = {
				ALWAYS_SEARCH_USER_PATHS = NO;
				ARCHS = "$(ARCHS_STANDARD_32_BIT)";
				COPY_PHASE_STRIP = NO;
				DSTROOT = /tmp/NILibrary.dst;
				GCC_DYNAMIC_NO_PIC = NO;
				GCC_ENABLE_FIX_AND_CONTINUE = YES;
				GCC_MODEL_TUNING = G5;
				GCC_OPTIMIZATION_LEVEL = 0;
				GCC_PRECOMPILE_PREFIX_HEADER = YES;
				GCC_PREFIX_HEADER = NILibrary_Prefix.pch;
				INSTALL_PATH = /usr/local/lib;
				PRODUCT_NAME = NILibrary;
				SDKROOT = iphoneos5.1;
			};
			name = Debug;
		};
		1DEB922008733DC00010E9CD /* Release */ = {
			isa = XCBuildConfiguration;
			buildSettings = {
				ALWAYS_SEARCH_USER_PATHS = NO;
				ARCHS = "$(ARCHS_STANDARD_32_BIT)";
				CONFIGURATION_BUILD_DIR = "$(BUILD_DIR)/$(CONFIGURATION)$(EFFECTIVE_PLATFORM_NAME)";
				DSTROOT = /tmp/NILibrary.dst;
				GCC_MODEL_TUNING = G5;
				GCC_PRECOMPILE_PREFIX_HEADER = YES;
				GCC_PREFIX_HEADER = NILibrary_Prefix.pch;
				INSTALL_PATH = /usr/local/lib;
				PRODUCT_NAME = NILibrary;
				SDKROOT = iphoneos5.1;
			};
			name = Release;
		};
		1DEB922308733DC00010E9CD /* Debug */ = {
			isa = XCBuildConfiguration;
			buildSettings = {
				ARCHS = "$(ARCHS_STANDARD_32_BIT)";
				GCC_C_LANGUAGE_STANDARD = c99;
				GCC_OPTIMIZATION_LEVEL = 0;
				GCC_WARN_ABOUT_RETURN_TYPE = YES;
				GCC_WARN_UNUSED_VARIABLE = YES;
				OTHER_LDFLAGS = "-ObjC";
				PREBINDING = NO;
				SDKROOT = iphoneos3.2;
			};
			name = Debug;
		};
		1DEB922408733DC00010E9CD /* Release */ = {
			isa = XCBuildConfiguration;
			buildSettings = {
				ARCHS = "$(ARCHS_STANDARD_32_BIT)";
				GCC_C_LANGUAGE_STANDARD = c99;
				GCC_WARN_ABOUT_RETURN_TYPE = YES;
				GCC_WARN_UNUSED_VARIABLE = YES;
				OTHER_LDFLAGS = "-ObjC";
				PREBINDING = NO;
				SDKROOT = iphoneos3.2;
			};
			name = Release;
		};
		49D32B3611B907DA0007813E /* Debug */ = {
			isa = XCBuildConfiguration;
			buildSettings = {
				ALWAYS_SEARCH_USER_PATHS = NO;
				"CODE_SIGN_IDENTITY[sdk=iphoneos*]" = "";
				COPY_PHASE_STRIP = NO;
				FRAMEWORK_SEARCH_PATHS = (
					"\"$(SDKROOT)/Developer/Library/Frameworks\"",
					"\"$(DEVELOPER_LIBRARY_DIR)/Frameworks\"",
				);
				GCC_DYNAMIC_NO_PIC = NO;
				GCC_ENABLE_FIX_AND_CONTINUE = NO;
				GCC_ENABLE_OBJC_EXCEPTIONS = YES;
				GCC_OPTIMIZATION_LEVEL = 0;
				INFOPLIST_FILE = "TestsLogic-Info.plist";
				OTHER_LDFLAGS = (
					"-framework",
					Foundation,
					"-framework",
					SenTestingKit,
					"-framework",
					UIKit,
				);
				PREBINDING = NO;
				PRODUCT_NAME = TestsLogic;
				WRAPPER_EXTENSION = octest;
			};
			name = Debug;
		};
		49D32B3711B907DA0007813E /* Release */ = {
			isa = XCBuildConfiguration;
			buildSettings = {
				ALWAYS_SEARCH_USER_PATHS = NO;
				"CODE_SIGN_IDENTITY[sdk=iphoneos*]" = "";
				COPY_PHASE_STRIP = YES;
				DEBUG_INFORMATION_FORMAT = "dwarf-with-dsym";
				FRAMEWORK_SEARCH_PATHS = (
					"\"$(SDKROOT)/Developer/Library/Frameworks\"",
					"\"$(DEVELOPER_LIBRARY_DIR)/Frameworks\"",
				);
				GCC_ENABLE_FIX_AND_CONTINUE = NO;
				GCC_ENABLE_OBJC_EXCEPTIONS = YES;
				INFOPLIST_FILE = "TestsLogic-Info.plist";
				OTHER_LDFLAGS = (
					"-framework",
					Foundation,
					"-framework",
					SenTestingKit,
					"-framework",
					UIKit,
				);
				PREBINDING = NO;
				PRODUCT_NAME = TestsLogic;
				WRAPPER_EXTENSION = octest;
				ZERO_LINK = NO;
			};
			name = Release;
		};
/* End XCBuildConfiguration section */

/* Begin XCConfigurationList section */
		1DEB921E08733DC00010E9CD /* Build configuration list for PBXNativeTarget "NILibrary" */ = {
			isa = XCConfigurationList;
			buildConfigurations = (
				1DEB921F08733DC00010E9CD /* Debug */,
				1DEB922008733DC00010E9CD /* Release */,
			);
			defaultConfigurationIsVisible = 0;
			defaultConfigurationName = Release;
		};
		1DEB922208733DC00010E9CD /* Build configuration list for PBXProject "NILibrary" */ = {
			isa = XCConfigurationList;
			buildConfigurations = (
				1DEB922308733DC00010E9CD /* Debug */,
				1DEB922408733DC00010E9CD /* Release */,
			);
			defaultConfigurationIsVisible = 0;
			defaultConfigurationName = Release;
		};
		49D32B3811B907DA0007813E /* Build configuration list for PBXNativeTarget "TestsLogic" */ = {
			isa = XCConfigurationList;
			buildConfigurations = (
				49D32B3611B907DA0007813E /* Debug */,
				49D32B3711B907DA0007813E /* Release */,
			);
			defaultConfigurationIsVisible = 0;
			defaultConfigurationName = Release;
		};
/* End XCConfigurationList section */
	};
	rootObject = 0867D690FE84028FC02AAC07 /* Project object */;
}
